
Microsoft Visual Studio Solution File, Format Version 12.00
# Visual Studio Version 17
VisualStudioVersion = 17.2.32516.85
MinimumVisualStudioVersion = 10.0.40219.1
Project("{9A19103F-16F7-4668-BE54-9A1E7A4F7556}") = "WF", "WF\WF.csproj", "{335C7CC1-EF1E-4D83-A584-B25105E57BE8}"
EndProject
Project("{9A19103F-16F7-4668-BE54-9A1E7A4F7556}") = "Library", "Library\Library.csproj", "{18F2A062-C7DB-47DA-A559-90C6E2D2A9FC}"
EndProject
Project("{FAE04EC0-301F-11D3-BF4B-00C04F79EFBC}") = "WPF", "WPF\WPF.csproj", "{58F1D6B3-19D5-4647-A696-295AFC5D4604}"
EndProject
Global
	GlobalSection(SolutionConfigurationPlatforms) = preSolution
		Debug|Any CPU = Debug|Any CPU
		Release|Any CPU = Release|Any CPU
	EndGlobalSection
	GlobalSection(ProjectConfigurationPlatforms) = postSolution
		{335C7CC1-EF1E-4D83-A584-B25105E57BE8}.Debug|Any CPU.ActiveCfg = Debug|Any CPU
		{335C7CC1-EF1E-4D83-A584-B25105E57BE8}.Debug|Any CPU.Build.0 = Debug|Any CPU
		{335C7CC1-EF1E-4D83-A584-B25105E57BE8}.Release|Any CPU.ActiveCfg = Release|Any CPU
		{335C7CC1-EF1E-4D83-A584-B25105E57BE8}.Release|Any CPU.Build.0 = Release|Any CPU
		{18F2A062-C7DB-47DA-A559-90C6E2D2A9FC}.Debug|Any CPU.ActiveCfg = Debug|Any CPU
		{18F2A062-C7DB-47DA-A559-90C6E2D2A9FC}.Debug|Any CPU.Build.0 = Debug|Any CPU
		{18F2A062-C7DB-47DA-A559-90C6E2D2A9FC}.Release|Any CPU.ActiveCfg = Release|Any CPU
		{18F2A062-C7DB-47DA-A559-90C6E2D2A9FC}.Release|Any CPU.Build.0 = Release|Any CPU
		{58F1D6B3-19D5-4647-A696-295AFC5D4604}.Debug|Any CPU.ActiveCfg = Debug|Any CPU
		{58F1D6B3-19D5-4647-A696-295AFC5D4604}.Debug|Any CPU.Build.0 = Debug|Any CPU
		{58F1D6B3-19D5-4647-A696-295AFC5D4604}.Release|Any CPU.ActiveCfg = Release|Any CPU
		{58F1D6B3-19D5-4647-A696-295AFC5D4604}.Release|Any CPU.Build.0 = Release|Any CPU
	EndGlobalSection
	GlobalSection(SolutionProperties) = preSolution
		HideSolutionNode = FALSE
	EndGlobalSection
	GlobalSection(ExtensibilityGlobals) = postSolution
		SolutionGuid = {5E3BA199-DF13-4DB2-A57D-BF484675E6F1}
	EndGlobalSection
EndGlobal
